<?xml version="1.0" encoding="utf-8"?>
<Project ToolsVersion="4.0" xmlns="http://schemas.microsoft.com/developer/msbuild/2003">
  <ItemGroup>
    <Filter Include="Source Files">
      <UniqueIdentifier>{4FC737F1-C7A5-4376-A066-2A32D752A2FF}</UniqueIdentifier>
      <Extensions>cpp;c;cc;cxx;def;odl;idl;hpj;bat;asm;asmx</Extensions>
    </Filter>
    <Filter Include="Header Files">
      <UniqueIdentifier>{93995380-89BD-4b04-88EB-625FBE52EBFB}</UniqueIdentifier>
      <Extensions>h;hh;hpp;hxx;hm;inl;inc;xsd</Extensions>
    </Filter>
    <Filter Include="Resource Files">
      <UniqueIdentifier>{67DA6AB6-F800-4c08-8B7A-83BB121AAD01}</UniqueIdentifier>
      <Extensions>rc;ico;cur;bmp;dlg;rc2;rct;bin;rgs;gif;jpg;jpeg;jpe;resx;tiff;tif;png;wav</Extensions>
    </Filter>
  </ItemGroup>
  <ItemGroup>
    <ClCompile Include="4-1.STREAM_IN_OUT.cpp">
      <Filter>Source Files</Filter>
    </ClCompile>
    <ClCompile Include="4-2.const.cpp">
      <Filter>Source Files</Filter>
    </ClCompile>
    <ClCompile Include="4-3.const_pointer2.cpp">
      <Filter>Source Files</Filter>
    </ClCompile>
    <ClCompile Include="4-4.reference_variable.cpp">
      <Filter>Source Files</Filter>
    </ClCompile>
    <ClCompile Include="4-5.return_by_reference.cpp">
      <Filter>Source Files</Filter>
    </ClCompile>
    <ClCompile Include="4-7.타입CASTING.cpp">
      <Filter>Source Files</Filter>
    </ClCompile>
    <ClCompile Include="4장-1.cincout.cpp">
      <Filter>Source Files</Filter>
    </ClCompile>
    <ClCompile Include="4장-10.return by reference2.cpp">
      <Filter>Source Files</Filter>
    </ClCompile>
    <ClCompile Include="4장-11.return by reference3.cpp">
      <Filter>Source Files</Filter>
    </ClCompile>
    <ClCompile Include="4장-12.Cascade.cpp">
      <Filter>Source Files</Filter>
    </ClCompile>
    <ClCompile Include="4장-13.const_cast.cpp">
      <Filter>Source Files</Filter>
    </ClCompile>
    <ClCompile Include="4장-14.typeid_const_cast.cpp">
      <Filter>Source Files</Filter>
    </ClCompile>
    <ClCompile Include="4장-15.const_int.cpp">
      <Filter>Source Files</Filter>
    </ClCompile>
    <ClCompile Include="4장-16.DYNAMIC_CAST.cpp">
      <Filter>Source Files</Filter>
    </ClCompile>
    <ClCompile Include="4장-17.ostream.cpp">
      <Filter>Source Files</Filter>
    </ClCompile>
    <ClCompile Include="4장-18.Macro.cpp">
      <Filter>Source Files</Filter>
    </ClCompile>
    <ClCompile Include="4장-2.cinout2.cpp">
      <Filter>Source Files</Filter>
    </ClCompile>
    <ClCompile Include="4장-3.POINTER_ARRAY-203-401.cpp">
      <Filter>Source Files</Filter>
    </ClCompile>
    <ClCompile Include="4장-3.POINTER_ARRAY.cpp">
      <Filter>Source Files</Filter>
    </ClCompile>
    <ClCompile Include="4장-4.POINTER_ARRAY2.cpp">
      <Filter>Source Files</Filter>
    </ClCompile>
    <ClCompile Include="4장-5.MULTIPLY.cpp">
      <Filter>Source Files</Filter>
    </ClCompile>
    <ClCompile Include="4장-6.ReferenceExample.cpp">
      <Filter>Source Files</Filter>
    </ClCompile>
    <ClCompile Include="4장-7.increase.cpp">
      <Filter>Source Files</Filter>
    </ClCompile>
    <ClCompile Include="4장-8.return by value.cpp">
      <Filter>Source Files</Filter>
    </ClCompile>
    <ClCompile Include="4장-9.return by reference.cpp">
      <Filter>Source Files</Filter>
    </ClCompile>
  </ItemGroup>
</Project>